
Microsoft Visual Studio Solution File, Format Version 12.00
# Visual Studio 15
VisualStudioVersion = 15.0.28307.421
MinimumVisualStudioVersion = 10.0.40219.1
Project("{FAE04EC0-301F-11D3-BF4B-00C04F79EFBC}") = "TeduShop.Common", "TeduShop.Common\TeduShop.Common.csproj", "{561DA688-49D9-4137-827F-7221586D8A71}"
EndProject
Project("{FAE04EC0-301F-11D3-BF4B-00C04F79EFBC}") = "TeduShop.Model", "TeduShop.Model\TeduShop.Model.csproj", "{EBB6B728-3AC7-4C75-881A-3FB315095222}"
EndProject
Project("{FAE04EC0-301F-11D3-BF4B-00C04F79EFBC}") = "TeduShop.Service", "TeduShop.Service\TeduShop.Service.csproj", "{A1ED404F-4B43-479D-9989-5FB37B152A0C}"
EndProject
Project("{FAE04EC0-301F-11D3-BF4B-00C04F79EFBC}") = "TeduShop.Data", "TeduShop.Data\TeduShop.Data.csproj", "{3747BE45-B677-4152-A647-EF930C39CF4A}"
EndProject
Project("{FAE04EC0-301F-11D3-BF4B-00C04F79EFBC}") = "TeduShop.UnitTest", "TeduShop.UnitTest\TeduShop.UnitTest.csproj", "{C696227D-AF21-48B3-8848-51A90D8B5D0E}"
EndProject
Project("{FAE04EC0-301F-11D3-BF4B-00C04F79EFBC}") = "TeduShop.Web", "TeduShop.Web\TeduShop.Web.csproj", "{15A8B391-F96A-4271-9677-F0D7F4A748DC}"
EndProject
Global
	GlobalSection(SolutionConfigurationPlatforms) = preSolution
		Debug|Any CPU = Debug|Any CPU
		Release|Any CPU = Release|Any CPU
	EndGlobalSection
	GlobalSection(ProjectConfigurationPlatforms) = postSolution
		{561DA688-49D9-4137-827F-7221586D8A71}.Debug|Any CPU.ActiveCfg = Debug|Any CPU
		{561DA688-49D9-4137-827F-7221586D8A71}.Debug|Any CPU.Build.0 = Debug|Any CPU
		{561DA688-49D9-4137-827F-7221586D8A71}.Release|Any CPU.ActiveCfg = Release|Any CPU
		{561DA688-49D9-4137-827F-7221586D8A71}.Release|Any CPU.Build.0 = Release|Any CPU
		{EBB6B728-3AC7-4C75-881A-3FB315095222}.Debug|Any CPU.ActiveCfg = Debug|Any CPU
		{EBB6B728-3AC7-4C75-881A-3FB315095222}.Debug|Any CPU.Build.0 = Debug|Any CPU
		{EBB6B728-3AC7-4C75-881A-3FB315095222}.Release|Any CPU.ActiveCfg = Release|Any CPU
		{EBB6B728-3AC7-4C75-881A-3FB315095222}.Release|Any CPU.Build.0 = Release|Any CPU
		{A1ED404F-4B43-479D-9989-5FB37B152A0C}.Debug|Any CPU.ActiveCfg = Debug|Any CPU
		{A1ED404F-4B43-479D-9989-5FB37B152A0C}.Debug|Any CPU.Build.0 = Debug|Any CPU
		{A1ED404F-4B43-479D-9989-5FB37B152A0C}.Release|Any CPU.ActiveCfg = Release|Any CPU
		{A1ED404F-4B43-479D-9989-5FB37B152A0C}.Release|Any CPU.Build.0 = Release|Any CPU
		{3747BE45-B677-4152-A647-EF930C39CF4A}.Debug|Any CPU.ActiveCfg = Debug|Any CPU
		{3747BE45-B677-4152-A647-EF930C39CF4A}.Debug|Any CPU.Build.0 = Debug|Any CPU
		{3747BE45-B677-4152-A647-EF930C39CF4A}.Release|Any CPU.ActiveCfg = Release|Any CPU
		{3747BE45-B677-4152-A647-EF930C39CF4A}.Release|Any CPU.Build.0 = Release|Any CPU
		{C696227D-AF21-48B3-8848-51A90D8B5D0E}.Debug|Any CPU.ActiveCfg = Debug|Any CPU
		{C696227D-AF21-48B3-8848-51A90D8B5D0E}.Debug|Any CPU.Build.0 = Debug|Any CPU
		{C696227D-AF21-48B3-8848-51A90D8B5D0E}.Release|Any CPU.ActiveCfg = Release|Any CPU
		{C696227D-AF21-48B3-8848-51A90D8B5D0E}.Release|Any CPU.Build.0 = Release|Any CPU
		{15A8B391-F96A-4271-9677-F0D7F4A748DC}.Debug|Any CPU.ActiveCfg = Debug|Any CPU
		{15A8B391-F96A-4271-9677-F0D7F4A748DC}.Debug|Any CPU.Build.0 = Debug|Any CPU
		{15A8B391-F96A-4271-9677-F0D7F4A748DC}.Release|Any CPU.ActiveCfg = Release|Any CPU
		{15A8B391-F96A-4271-9677-F0D7F4A748DC}.Release|Any CPU.Build.0 = Release|Any CPU
	EndGlobalSection
	GlobalSection(SolutionProperties) = preSolution
		HideSolutionNode = FALSE
	EndGlobalSection
	GlobalSection(ExtensibilityGlobals) = postSolution
		SolutionGuid = {14E23ACF-1565-43F8-AB32-A3408280A232}
	EndGlobalSection
EndGlobal
